{
  "name": "test",
  "version": "1.0.0",
  "lockfileVersion": 2,
  "requires": true,
  "packages": {
    "": {
      "name": "test",
      "version": "1.0.0",
      "license": "ISC",
      "dependencies": {
        "@siemply/aws-lambda": "^1.0.0-alpha1"
      }
    },
    "node_modules/@siemply/aws-lambda": {
      "version": "1.0.0-alpha1",
      "resolved": "https://registry.npmjs.org/@siemply/aws-lambda/-/aws-lambda-1.0.0-alpha1.tgz",
      "integrity": "sha512-zze+Ib//HimfHy2zbpBYOCG45Pa4MI0DyZYhOrHWCmeJ1jeTboJGXytLS49+eotGEiS3/xohLYx9jLn3GI5xNA=="
    }
  },
  "dependencies": {
    "@siemply/aws-lambda": {
      "version": "1.0.0-alpha1",
      "resolved": "https://registry.npmjs.org/@siemply/aws-lambda/-/aws-lambda-1.0.0-alpha1.tgz",
      "integrity": "sha512-zze+Ib//HimfHy2zbpBYOCG45Pa4MI0DyZYhOrHWCmeJ1jeTboJGXytLS49+eotGEiS3/xohLYx9jLn3GI5xNA=="
    }
  }
}
